
Microsoft Visual Studio Solution File, Format Version 12.00
# Visual Studio 14
VisualStudioVersion = 14.0.25420.1
MinimumVisualStudioVersion = 10.0.40219.1
Project("{8BC9CEB8-8B4A-11D0-8D11-00A0C91BC942}") = "TSIRFileManager", "TSIRFileManager\TSIRFileManager.vcxproj", "{A0588187-59C2-473D-B38B-7B139FEEC410}"
EndProject
Project("{8BC9CEB8-8B4A-11D0-8D11-00A0C91BC942}") = "T2KFileManager", "T2KFileManager\T2KFileManager.vcxproj", "{F37DAF27-141A-4F78-8800-00335D559C55}"
EndProject
Project("{8BC9CEB8-8B4A-11D0-8D11-00A0C91BC942}") = "TSIRFirmwareUpdater", "TSIRFirmwareUpdater\TSIRFirmwareUpdater.vcxproj", "{0DD5264B-5D05-4721-AD21-9A30E39EB804}"
EndProject
Project("{8BC9CEB8-8B4A-11D0-8D11-00A0C91BC942}") = "TSIRInformation", "TSIRInformation\TSIRInformation.vcxproj", "{5A8E1FE2-10C7-4CA3-9B21-BEB144E633FA}"
EndProject
Project("{8BC9CEB8-8B4A-11D0-8D11-00A0C91BC942}") = "T2KFileManager_eBUS3", "T2KFileManager_eBUS3\T2KFileManager_eBUS3.vcxproj", "{E811BE27-0B43-49D3-A619-37862F8D676F}"
EndProject
Project("{8BC9CEB8-8B4A-11D0-8D11-00A0C91BC942}") = "TSIRFileManager_eBUS3", "TSIRFileManager_eBUS3\TSIRFileManager_eBUS3.vcxproj", "{D5EC5201-C70D-4C06-8BB7-DD06CB2054BB}"
EndProject
Project("{8BC9CEB8-8B4A-11D0-8D11-00A0C91BC942}") = "TSIRFirmwareUpdater_eBUS3", "TSIRFirmwareUpdater_eBUS3\TSIRFirmwareUpdater_eBUS3.vcxproj", "{3382A2BE-5424-4754-9C5D-338F69C6DA61}"
EndProject
Project("{8BC9CEB8-8B4A-11D0-8D11-00A0C91BC942}") = "TSIRInformation_eBUS3", "TSIRInformation_eBUS3\TSIRInformation_eBUS3.vcxproj", "{905FEAFA-A095-44D0-8D49-15CD9315174F}"
EndProject
Project("{8BC9CEB8-8B4A-11D0-8D11-00A0C91BC942}") = "T2KFileManager_eBUS4", "T2KFileManager_eBUS4\T2KFileManager_eBUS4.vcxproj", "{A92A1719-E471-4691-9F49-FFD9D679637B}"
EndProject
Project("{8BC9CEB8-8B4A-11D0-8D11-00A0C91BC942}") = "TSIRFileManager_eBUS4", "TSIRFileManager_eBUS4\TSIRFileManager_eBUS4.vcxproj", "{E2092424-2330-4BAF-9F58-A30B3574AEA8}"
EndProject
Project("{8BC9CEB8-8B4A-11D0-8D11-00A0C91BC942}") = "TSIRFirmwareUpdater_eBUS4", "TSIRFirmwareUpdater_eBUS4\TSIRFirmwareUpdater_eBUS4.vcxproj", "{44E33252-43F0-42BA-9FA5-14D2EF0A44EE}"
EndProject
Project("{8BC9CEB8-8B4A-11D0-8D11-00A0C91BC942}") = "TSIRInformation_eBUS4", "TSIRInformation_eBUS4\TSIRInformation_eBUS4.vcxproj", "{EADD0A90-3916-4AAE-A8F7-D3B526119B47}"
EndProject
Project("{8BC9CEB8-8B4A-11D0-8D11-00A0C91BC942}") = "NTXDetect", "NTXDetect\NTXDetect.vcxproj", "{EB5D37BF-AF85-41B7-BD4D-90B01EEA021D}"
EndProject
Global
	GlobalSection(SolutionConfigurationPlatforms) = preSolution
		Debug|Win32 = Debug|Win32
		Debug|x64 = Debug|x64
		Release|Win32 = Release|Win32
		Release|x64 = Release|x64
	EndGlobalSection
	GlobalSection(ProjectConfigurationPlatforms) = postSolution
		{A0588187-59C2-473D-B38B-7B139FEEC410}.Debug|Win32.ActiveCfg = Debug|Win32
		{A0588187-59C2-473D-B38B-7B139FEEC410}.Debug|Win32.Build.0 = Debug|Win32
		{A0588187-59C2-473D-B38B-7B139FEEC410}.Debug|x64.ActiveCfg = Debug|x64
		{A0588187-59C2-473D-B38B-7B139FEEC410}.Debug|x64.Build.0 = Debug|x64
		{A0588187-59C2-473D-B38B-7B139FEEC410}.Release|Win32.ActiveCfg = Release|Win32
		{A0588187-59C2-473D-B38B-7B139FEEC410}.Release|Win32.Build.0 = Release|Win32
		{A0588187-59C2-473D-B38B-7B139FEEC410}.Release|x64.ActiveCfg = Release|x64
		{A0588187-59C2-473D-B38B-7B139FEEC410}.Release|x64.Build.0 = Release|x64
		{F37DAF27-141A-4F78-8800-00335D559C55}.Debug|Win32.ActiveCfg = Debug|Win32
		{F37DAF27-141A-4F78-8800-00335D559C55}.Debug|Win32.Build.0 = Debug|Win32
		{F37DAF27-141A-4F78-8800-00335D559C55}.Debug|x64.ActiveCfg = Debug|x64
		{F37DAF27-141A-4F78-8800-00335D559C55}.Debug|x64.Build.0 = Debug|x64
		{F37DAF27-141A-4F78-8800-00335D559C55}.Release|Win32.ActiveCfg = Release|Win32
		{F37DAF27-141A-4F78-8800-00335D559C55}.Release|Win32.Build.0 = Release|Win32
		{F37DAF27-141A-4F78-8800-00335D559C55}.Release|x64.ActiveCfg = Release|x64
		{F37DAF27-141A-4F78-8800-00335D559C55}.Release|x64.Build.0 = Release|x64
		{0DD5264B-5D05-4721-AD21-9A30E39EB804}.Debug|Win32.ActiveCfg = Debug|Win32
		{0DD5264B-5D05-4721-AD21-9A30E39EB804}.Debug|Win32.Build.0 = Debug|Win32
		{0DD5264B-5D05-4721-AD21-9A30E39EB804}.Debug|x64.ActiveCfg = Debug|x64
		{0DD5264B-5D05-4721-AD21-9A30E39EB804}.Debug|x64.Build.0 = Debug|x64
		{0DD5264B-5D05-4721-AD21-9A30E39EB804}.Release|Win32.ActiveCfg = Release|Win32
		{0DD5264B-5D05-4721-AD21-9A30E39EB804}.Release|Win32.Build.0 = Release|Win32
		{0DD5264B-5D05-4721-AD21-9A30E39EB804}.Release|x64.ActiveCfg = Release|x64
		{0DD5264B-5D05-4721-AD21-9A30E39EB804}.Release|x64.Build.0 = Release|x64
		{5A8E1FE2-10C7-4CA3-9B21-BEB144E633FA}.Debug|Win32.ActiveCfg = Debug|Win32
		{5A8E1FE2-10C7-4CA3-9B21-BEB144E633FA}.Debug|Win32.Build.0 = Debug|Win32
		{5A8E1FE2-10C7-4CA3-9B21-BEB144E633FA}.Debug|x64.ActiveCfg = Debug|x64
		{5A8E1FE2-10C7-4CA3-9B21-BEB144E633FA}.Debug|x64.Build.0 = Debug|x64
		{5A8E1FE2-10C7-4CA3-9B21-BEB144E633FA}.Release|Win32.ActiveCfg = Release|Win32
		{5A8E1FE2-10C7-4CA3-9B21-BEB144E633FA}.Release|Win32.Build.0 = Release|Win32
		{5A8E1FE2-10C7-4CA3-9B21-BEB144E633FA}.Release|x64.ActiveCfg = Release|x64
		{5A8E1FE2-10C7-4CA3-9B21-BEB144E633FA}.Release|x64.Build.0 = Release|x64
		{E811BE27-0B43-49D3-A619-37862F8D676F}.Debug|Win32.ActiveCfg = Debug|Win32
		{E811BE27-0B43-49D3-A619-37862F8D676F}.Debug|Win32.Build.0 = Debug|Win32
		{E811BE27-0B43-49D3-A619-37862F8D676F}.Debug|x64.ActiveCfg = Debug|x64
		{E811BE27-0B43-49D3-A619-37862F8D676F}.Debug|x64.Build.0 = Debug|x64
		{E811BE27-0B43-49D3-A619-37862F8D676F}.Release|Win32.ActiveCfg = Release|Win32
		{E811BE27-0B43-49D3-A619-37862F8D676F}.Release|Win32.Build.0 = Release|Win32
		{E811BE27-0B43-49D3-A619-37862F8D676F}.Release|x64.ActiveCfg = Release|x64
		{E811BE27-0B43-49D3-A619-37862F8D676F}.Release|x64.Build.0 = Release|x64
		{D5EC5201-C70D-4C06-8BB7-DD06CB2054BB}.Debug|Win32.ActiveCfg = Debug|Win32
		{D5EC5201-C70D-4C06-8BB7-DD06CB2054BB}.Debug|Win32.Build.0 = Debug|Win32
		{D5EC5201-C70D-4C06-8BB7-DD06CB2054BB}.Debug|x64.ActiveCfg = Debug|x64
		{D5EC5201-C70D-4C06-8BB7-DD06CB2054BB}.Debug|x64.Build.0 = Debug|x64
		{D5EC5201-C70D-4C06-8BB7-DD06CB2054BB}.Release|Win32.ActiveCfg = Release|Win32
		{D5EC5201-C70D-4C06-8BB7-DD06CB2054BB}.Release|Win32.Build.0 = Release|Win32
		{D5EC5201-C70D-4C06-8BB7-DD06CB2054BB}.Release|x64.ActiveCfg = Release|x64
		{D5EC5201-C70D-4C06-8BB7-DD06CB2054BB}.Release|x64.Build.0 = Release|x64
		{3382A2BE-5424-4754-9C5D-338F69C6DA61}.Debug|Win32.ActiveCfg = Debug|Win32
		{3382A2BE-5424-4754-9C5D-338F69C6DA61}.Debug|Win32.Build.0 = Debug|Win32
		{3382A2BE-5424-4754-9C5D-338F69C6DA61}.Debug|x64.ActiveCfg = Debug|x64
		{3382A2BE-5424-4754-9C5D-338F69C6DA61}.Debug|x64.Build.0 = Debug|x64
		{3382A2BE-5424-4754-9C5D-338F69C6DA61}.Release|Win32.ActiveCfg = Release|Win32
		{3382A2BE-5424-4754-9C5D-338F69C6DA61}.Release|Win32.Build.0 = Release|Win32
		{3382A2BE-5424-4754-9C5D-338F69C6DA61}.Release|x64.ActiveCfg = Release|x64
		{3382A2BE-5424-4754-9C5D-338F69C6DA61}.Release|x64.Build.0 = Release|x64
		{905FEAFA-A095-44D0-8D49-15CD9315174F}.Debug|Win32.ActiveCfg = Debug|Win32
		{905FEAFA-A095-44D0-8D49-15CD9315174F}.Debug|Win32.Build.0 = Debug|Win32
		{905FEAFA-A095-44D0-8D49-15CD9315174F}.Debug|x64.ActiveCfg = Debug|x64
		{905FEAFA-A095-44D0-8D49-15CD9315174F}.Debug|x64.Build.0 = Debug|x64
		{905FEAFA-A095-44D0-8D49-15CD9315174F}.Release|Win32.ActiveCfg = Release|Win32
		{905FEAFA-A095-44D0-8D49-15CD9315174F}.Release|Win32.Build.0 = Release|Win32
		{905FEAFA-A095-44D0-8D49-15CD9315174F}.Release|x64.ActiveCfg = Release|x64
		{905FEAFA-A095-44D0-8D49-15CD9315174F}.Release|x64.Build.0 = Release|x64
		{A92A1719-E471-4691-9F49-FFD9D679637B}.Debug|Win32.ActiveCfg = Debug|Win32
		{A92A1719-E471-4691-9F49-FFD9D679637B}.Debug|Win32.Build.0 = Debug|Win32
		{A92A1719-E471-4691-9F49-FFD9D679637B}.Debug|x64.ActiveCfg = Debug|x64
		{A92A1719-E471-4691-9F49-FFD9D679637B}.Debug|x64.Build.0 = Debug|x64
		{A92A1719-E471-4691-9F49-FFD9D679637B}.Release|Win32.ActiveCfg = Release|Win32
		{A92A1719-E471-4691-9F49-FFD9D679637B}.Release|Win32.Build.0 = Release|Win32
		{A92A1719-E471-4691-9F49-FFD9D679637B}.Release|x64.ActiveCfg = Release|x64
		{A92A1719-E471-4691-9F49-FFD9D679637B}.Release|x64.Build.0 = Release|x64
		{E2092424-2330-4BAF-9F58-A30B3574AEA8}.Debug|Win32.ActiveCfg = Debug|Win32
		{E2092424-2330-4BAF-9F58-A30B3574AEA8}.Debug|Win32.Build.0 = Debug|Win32
		{E2092424-2330-4BAF-9F58-A30B3574AEA8}.Debug|x64.ActiveCfg = Debug|x64
		{E2092424-2330-4BAF-9F58-A30B3574AEA8}.Debug|x64.Build.0 = Debug|x64
		{E2092424-2330-4BAF-9F58-A30B3574AEA8}.Release|Win32.ActiveCfg = Release|Win32
		{E2092424-2330-4BAF-9F58-A30B3574AEA8}.Release|Win32.Build.0 = Release|Win32
		{E2092424-2330-4BAF-9F58-A30B3574AEA8}.Release|x64.ActiveCfg = Release|x64
		{E2092424-2330-4BAF-9F58-A30B3574AEA8}.Release|x64.Build.0 = Release|x64
		{44E33252-43F0-42BA-9FA5-14D2EF0A44EE}.Debug|Win32.ActiveCfg = Debug|Win32
		{44E33252-43F0-42BA-9FA5-14D2EF0A44EE}.Debug|Win32.Build.0 = Debug|Win32
		{44E33252-43F0-42BA-9FA5-14D2EF0A44EE}.Debug|x64.ActiveCfg = Debug|x64
		{44E33252-43F0-42BA-9FA5-14D2EF0A44EE}.Debug|x64.Build.0 = Debug|x64
		{44E33252-43F0-42BA-9FA5-14D2EF0A44EE}.Release|Win32.ActiveCfg = Release|Win32
		{44E33252-43F0-42BA-9FA5-14D2EF0A44EE}.Release|Win32.Build.0 = Release|Win32
		{44E33252-43F0-42BA-9FA5-14D2EF0A44EE}.Release|x64.ActiveCfg = Release|x64
		{44E33252-43F0-42BA-9FA5-14D2EF0A44EE}.Release|x64.Build.0 = Release|x64
		{EADD0A90-3916-4AAE-A8F7-D3B526119B47}.Debug|Win32.ActiveCfg = Debug|Win32
		{EADD0A90-3916-4AAE-A8F7-D3B526119B47}.Debug|Win32.Build.0 = Debug|Win32
		{EADD0A90-3916-4AAE-A8F7-D3B526119B47}.Debug|x64.ActiveCfg = Debug|x64
		{EADD0A90-3916-4AAE-A8F7-D3B526119B47}.Debug|x64.Build.0 = Debug|x64
		{EADD0A90-3916-4AAE-A8F7-D3B526119B47}.Release|Win32.ActiveCfg = Release|Win32
		{EADD0A90-3916-4AAE-A8F7-D3B526119B47}.Release|Win32.Build.0 = Release|Win32
		{EADD0A90-3916-4AAE-A8F7-D3B526119B47}.Release|x64.ActiveCfg = Release|x64
		{EADD0A90-3916-4AAE-A8F7-D3B526119B47}.Release|x64.Build.0 = Release|x64
		{EB5D37BF-AF85-41B7-BD4D-90B01EEA021D}.Debug|Win32.ActiveCfg = Debug|Win32
		{EB5D37BF-AF85-41B7-BD4D-90B01EEA021D}.Debug|Win32.Build.0 = Debug|Win32
		{EB5D37BF-AF85-41B7-BD4D-90B01EEA021D}.Debug|x64.ActiveCfg = Debug|x64
		{EB5D37BF-AF85-41B7-BD4D-90B01EEA021D}.Debug|x64.Build.0 = Debug|x64
		{EB5D37BF-AF85-41B7-BD4D-90B01EEA021D}.Release|Win32.ActiveCfg = Release|Win32
		{EB5D37BF-AF85-41B7-BD4D-90B01EEA021D}.Release|Win32.Build.0 = Release|Win32
		{EB5D37BF-AF85-41B7-BD4D-90B01EEA021D}.Release|x64.ActiveCfg = Release|x64
		{EB5D37BF-AF85-41B7-BD4D-90B01EEA021D}.Release|x64.Build.0 = Release|x64
	EndGlobalSection
	GlobalSection(SolutionProperties) = preSolution
		HideSolutionNode = FALSE
	EndGlobalSection
EndGlobal
